<?xml version="1.0" encoding="UTF-8" standalone="yes" ?>
<CodeBlocks_project_file>
	<FileVersion major="1" minor="6" />
	<Project>
		<Option title="progamModulaireC" />
		<Option pch_mode="2" />
		<Option compiler="gcc" />
		<Build>
			<Target title="Debug">
				<Option output="bin/Debug/progamModulaireC" prefix_auto="1" extension_auto="1" />
				<Option object_output="obj/Debug/" />
				<Option type="1" />
				<Option compiler="gcc" />
				<Compiler>
					<Add option="-g" />
				</Compiler>
			</Target>
			<Target title="Release">
				<Option output="bin/Release/progamModulaireC" prefix_auto="1" extension_auto="1" />
				<Option object_output="obj/Release/" />
				<Option type="1" />
				<Option compiler="gcc" />
				<Compiler>
					<Add option="-O2" />
				</Compiler>
				<Linker>
					<Add option="-s" />
				</Linker>
			</Target>
		</Build>
		<Compiler>
			<Add option="-Wall" />
		</Compiler>
		<Unit filename="cercle.c">
			<Option compilerVar="CC" />
		</Unit>
		<Unit filename="cercle.h" />
		<Unit filename="define.h" />
		<Unit filename="droite.c">
			<Option compilerVar="CC" />
		</Unit>
		<Unit filename="droite.h" />
		<Unit filename="main.c">
			<Option compilerVar="CC" />
		</Unit>
		<Unit filename="point.c">
			<Option compilerVar="CC" />
		</Unit>
		<Unit filename="point.h" />
		<Unit filename="segment.c">
			<Option compilerVar="CC" />
		</Unit>
		<Unit filename="segment.h" />
		<Unit filename="vue.c">
			<Option compilerVar="CC" />
		</Unit>
		<Unit filename="vue.h" />
		<Extensions>
			<code_completion />
			<envvars />
			<debugger />
		</Extensions>
	</Project>
</CodeBlocks_project_file>
